
Microsoft Visual Studio Solution File, Format Version 12.00
# Visual Studio 15
VisualStudioVersion = 15.0.28010.2050
MinimumVisualStudioVersion = 10.0.40219.1
Project("{888888A0-9F3D-457C-B088-3A5042F75D52}") = "social_data", "social_data\social_data.pyproj", "{AF1CC220-E112-40DD-8DD9-FF18EE8E6A34}"
EndProject
Global
	GlobalSection(SolutionConfigurationPlatforms) = preSolution
		Debug|Any CPU = Debug|Any CPU
		Release|Any CPU = Release|Any CPU
	EndGlobalSection
	GlobalSection(ProjectConfigurationPlatforms) = postSolution
		{AF1CC220-E112-40DD-8DD9-FF18EE8E6A34}.Debug|Any CPU.ActiveCfg = Debug|Any CPU
		{AF1CC220-E112-40DD-8DD9-FF18EE8E6A34}.Debug|Any CPU.Build.0 = Debug|Any CPU
		{AF1CC220-E112-40DD-8DD9-FF18EE8E6A34}.Release|Any CPU.ActiveCfg = Release|Any CPU
		{AF1CC220-E112-40DD-8DD9-FF18EE8E6A34}.Release|Any CPU.Build.0 = Release|Any CPU
	EndGlobalSection
	GlobalSection(SolutionProperties) = preSolution
		HideSolutionNode = FALSE
	EndGlobalSection
	GlobalSection(ExtensibilityGlobals) = postSolution
		SolutionGuid = {4E1FD0CC-5D77-49CD-B4B1-835D389A31FA}
	EndGlobalSection
EndGlobal
